
Microsoft Visual Studio Solution File, Format Version 12.00
# Visual Studio Version 16
VisualStudioVersion = 16.0.32228.343
MinimumVisualStudioVersion = 10.0.40219.1
Project("{FAE04EC0-301F-11D3-BF4B-00C04F79EFBC}") = "OTUS_ReflectionHomework", "OTUS_ReflectionHomework\OTUS_ReflectionHomework.csproj", "{8B1D3C7E-ADB5-4267-90A3-7B031172D8F5}"
EndProject
Global
	GlobalSection(SolutionConfigurationPlatforms) = preSolution
		Debug|Any CPU = Debug|Any CPU
		Release|Any CPU = Release|Any CPU
	EndGlobalSection
	GlobalSection(ProjectConfigurationPlatforms) = postSolution
		{8B1D3C7E-ADB5-4267-90A3-7B031172D8F5}.Debug|Any CPU.ActiveCfg = Debug|Any CPU
		{8B1D3C7E-ADB5-4267-90A3-7B031172D8F5}.Debug|Any CPU.Build.0 = Debug|Any CPU
		{8B1D3C7E-ADB5-4267-90A3-7B031172D8F5}.Release|Any CPU.ActiveCfg = Release|Any CPU
		{8B1D3C7E-ADB5-4267-90A3-7B031172D8F5}.Release|Any CPU.Build.0 = Release|Any CPU
	EndGlobalSection
	GlobalSection(SolutionProperties) = preSolution
		HideSolutionNode = FALSE
	EndGlobalSection
	GlobalSection(ExtensibilityGlobals) = postSolution
		SolutionGuid = {0B49563F-055C-40E9-B027-A6A5422893F9}
	EndGlobalSection
EndGlobal
